
Microsoft Visual Studio Solution File, Format Version 12.00
# Visual Studio Version 16
VisualStudioVersion = 16.0.30907.101
MinimumVisualStudioVersion = 10.0.40219.1
Project("{9A19103F-16F7-4668-BE54-9A1E7A4F7556}") = "Metotlar", "Metotlar.csproj", "{611CF7DE-7760-42A2-B120-D42D448286F8}"
EndProject
Project("{9A19103F-16F7-4668-BE54-9A1E7A4F7556}") = "2.PROJEDONGULER", "..\..\CONSOLE 1\KODLAMA İO 2. GÜN\2.PROJEDONGULER\2.PROJEDONGULER.csproj", "{CF53B38F-C0AD-45D7-BFF2-AE32C9A95374}"
EndProject
Project("{9A19103F-16F7-4668-BE54-9A1E7A4F7556}") = "KODLAMA İO 2. GÜN", "..\..\CONSOLE 1\KODLAMA İO 2. GÜN\KODLAMA İO 2. GÜN\KODLAMA İO 2. GÜN.csproj", "{8445E06F-1263-458B-AF4B-075C603647BB}"
EndProject
Project("{9A19103F-16F7-4668-BE54-9A1E7A4F7556}") = "DegerVeReferansTipler", "..\..\CONSOLE 1\KODLAMA İO 2. GÜN\DegerVeReferansTipler\DegerVeReferansTipler.csproj", "{B37923DA-E3A3-4363-9C79-88AF8DD6E596}"
EndProject
Global
	GlobalSection(SolutionConfigurationPlatforms) = preSolution
		Debug|Any CPU = Debug|Any CPU
		Release|Any CPU = Release|Any CPU
	EndGlobalSection
	GlobalSection(ProjectConfigurationPlatforms) = postSolution
		{611CF7DE-7760-42A2-B120-D42D448286F8}.Debug|Any CPU.ActiveCfg = Debug|Any CPU
		{611CF7DE-7760-42A2-B120-D42D448286F8}.Debug|Any CPU.Build.0 = Debug|Any CPU
		{611CF7DE-7760-42A2-B120-D42D448286F8}.Release|Any CPU.ActiveCfg = Release|Any CPU
		{611CF7DE-7760-42A2-B120-D42D448286F8}.Release|Any CPU.Build.0 = Release|Any CPU
		{CF53B38F-C0AD-45D7-BFF2-AE32C9A95374}.Debug|Any CPU.ActiveCfg = Debug|Any CPU
		{CF53B38F-C0AD-45D7-BFF2-AE32C9A95374}.Debug|Any CPU.Build.0 = Debug|Any CPU
		{CF53B38F-C0AD-45D7-BFF2-AE32C9A95374}.Release|Any CPU.ActiveCfg = Release|Any CPU
		{CF53B38F-C0AD-45D7-BFF2-AE32C9A95374}.Release|Any CPU.Build.0 = Release|Any CPU
		{8445E06F-1263-458B-AF4B-075C603647BB}.Debug|Any CPU.ActiveCfg = Debug|Any CPU
		{8445E06F-1263-458B-AF4B-075C603647BB}.Debug|Any CPU.Build.0 = Debug|Any CPU
		{8445E06F-1263-458B-AF4B-075C603647BB}.Release|Any CPU.ActiveCfg = Release|Any CPU
		{8445E06F-1263-458B-AF4B-075C603647BB}.Release|Any CPU.Build.0 = Release|Any CPU
		{B37923DA-E3A3-4363-9C79-88AF8DD6E596}.Debug|Any CPU.ActiveCfg = Debug|Any CPU
		{B37923DA-E3A3-4363-9C79-88AF8DD6E596}.Debug|Any CPU.Build.0 = Debug|Any CPU
		{B37923DA-E3A3-4363-9C79-88AF8DD6E596}.Release|Any CPU.ActiveCfg = Release|Any CPU
		{B37923DA-E3A3-4363-9C79-88AF8DD6E596}.Release|Any CPU.Build.0 = Release|Any CPU
	EndGlobalSection
	GlobalSection(SolutionProperties) = preSolution
		HideSolutionNode = FALSE
	EndGlobalSection
	GlobalSection(ExtensibilityGlobals) = postSolution
		SolutionGuid = {E0CD2279-B405-4F8D-A029-8867FA29C0D7}
	EndGlobalSection
EndGlobal
